<Solution>
  <Folder Name="/src/Workbench/">
    <Project Path="src/Workbench/Workbench.Contracts/Workbench.Contracts.csproj" />
    <Project Path="src/Workbench/Workbench.Gateway/Workbench.Gateway.csproj" />
    <Project Path="src/Workbench/Workbench.Ui/Workbench.Ui.csproj" />
  </Folder>
  <Folder Name="/src/Hosting/">
    <Project Path="src/Hosting/Hosting.AppHost/Hosting.AppHost.csproj" Id="4eeba294-4d93-451b-9be0-3fa1f29e3ef5" />
    <Project Path="src/Hosting/Hosting.ServiceDefaults/Hosting.ServiceDefaults.csproj" />
  </Folder>
  <Folder Name="/src/Microservices/">
    <Project Path="src/Microservices/Inventory.Api/Inventory.Api.csproj" />
    <Project Path="src/Microservices/Orders.Api/Orders.Api.csproj" />
    <Project Path="src/Microservices/Payments.Api/Payments.Api.csproj" />
  </Folder>
  <Folder Name="/src/VirtualActors/">
    <Project Path="src/VirtualActors/Ordering.Api/Ordering.Api.csproj" />
    <Project Path="src/VirtualActors/Ordering.Grains/Ordering.Grains.csproj" />
    <Project Path="src/VirtualActors/Ordering.Persistence.Sqlite/Ordering.Persistence.Sqlite.csproj" />
    <Project Path="src/VirtualActors/Ordering.Silo/Ordering.Silo.csproj" />
  </Folder>
  <Folder Name="/tests/Workbench.Tests/">
    <Project Path="tests/Workbench.AcceptanceTests/Workbench.AcceptanceTests.csproj" />
    <Project Path="tests/Workbench.ScenarioRegressionTests/Workbench.ScenarioRegressionTests.csproj" />
  </Folder>
  <Folder Name="/tests/Microservices.Tests/">
    <Project Path="tests/Microservices.Tests/Microservices.Tests.csproj" />
  </Folder>
  <Folder Name="/tests/VirtualActors.Tests/">
    <Project Path="tests/VirtualActors.Tests/VirtualActors.Tests.csproj" />
  </Folder>
</Solution>
