
<Solution>
  <Folder Name="/src/" />
  <Folder Name="/src/Comparison/" />
  <Folder Name="/src/Comparison/Comparison.Contracts/">
    <Project Path="src/Comparison/Comparison.Contracts/Comparison.Contracts.csproj" />
  </Folder>
  <Folder Name="/src/Comparison/Comparison.Gateway/">
    <Project Path="src\Comparison\Comparison.Gateway\Comparison.Gateway.csproj" />
  </Folder>
  <Folder Name="/src/Comparison/Comparison.Ui/">
    <Project Path="src\Comparison\Comparison.Ui\Comparison.Ui.csproj" />
  </Folder>
  <Folder Name="/src/Microservices/" />
  <Folder Name="/src/Microservices/Inventory.Api/">
    <Project Path="src\Microservices\Inventory.Api\Inventory.Api.csproj" />
  </Folder>
  <Folder Name="/src/Microservices/Orders.Api/">
    <Project Path="src\Microservices\Orders.Api\Orders.Api.csproj" />
  </Folder>
  <Folder Name="/src/Microservices/Payments.Api/">
    <Project Path="src\Microservices\Payments.Api\Payments.Api.csproj" />
  </Folder>
  <Folder Name="/src/VirtualActors/" />
  <Folder Name="/src/VirtualActors/Ordering.Api/">
    <Project Path="src\VirtualActors\Ordering.Api\Ordering.Api.csproj" />
  </Folder>
  <Folder Name="/src/VirtualActors/Ordering.Grains/">
    <Project Path="src\VirtualActors\Ordering.Grains\Ordering.Grains.csproj" />
  </Folder>
  <Folder Name="/src/VirtualActors/Ordering.Silo/">
    <Project Path="src\VirtualActors\Ordering.Silo\Ordering.Silo.csproj" />
  </Folder>
  <Folder Name="/tests/" />
  <Folder Name="/tests/AcceptanceTests/">
    <Project Path="tests/Comparison.AcceptanceTests/Comparison.AcceptanceTests.csproj" />
  </Folder>
  <Folder Name="/tests/Comparison.ScenarioRegressionTests/">
    <Project Path="tests\Comparison.ScenarioRegressionTests\Comparison.ScenarioRegressionTests.csproj" />
  </Folder>
  <Folder Name="/tests/Microservices.Tests/">
    <Project Path="tests\Microservices.Tests\Microservices.Tests.csproj" />
  </Folder>
  <Folder Name="/tests/VirtualActors.Tests/">
    <Project Path="tests\VirtualActors.Tests\VirtualActors.Tests.csproj" />
  </Folder>
</Solution>